
Microsoft Visual Studio Solution File, Format Version 12.00
# Visual Studio Version 17
VisualStudioVersion = 17.8.34408.163
MinimumVisualStudioVersion = 10.0.40219.1
Project("{8BC9CEB8-8B4A-11D0-8D11-00A0C91BC942}") = "Vjezba6iž", "Vjezba6iž.vcxproj", "{726535D0-DCF7-498F-A5F0-D053C91D1080}"
EndProject
Global
	GlobalSection(SolutionConfigurationPlatforms) = preSolution
		Debug|x64 = Debug|x64
		Debug|x86 = Debug|x86
		Release|x64 = Release|x64
		Release|x86 = Release|x86
	EndGlobalSection
	GlobalSection(ProjectConfigurationPlatforms) = postSolution
		{726535D0-DCF7-498F-A5F0-D053C91D1080}.Debug|x64.ActiveCfg = Debug|x64
		{726535D0-DCF7-498F-A5F0-D053C91D1080}.Debug|x64.Build.0 = Debug|x64
		{726535D0-DCF7-498F-A5F0-D053C91D1080}.Debug|x86.ActiveCfg = Debug|Win32
		{726535D0-DCF7-498F-A5F0-D053C91D1080}.Debug|x86.Build.0 = Debug|Win32
		{726535D0-DCF7-498F-A5F0-D053C91D1080}.Release|x64.ActiveCfg = Release|x64
		{726535D0-DCF7-498F-A5F0-D053C91D1080}.Release|x64.Build.0 = Release|x64
		{726535D0-DCF7-498F-A5F0-D053C91D1080}.Release|x86.ActiveCfg = Release|Win32
		{726535D0-DCF7-498F-A5F0-D053C91D1080}.Release|x86.Build.0 = Release|Win32
	EndGlobalSection
	GlobalSection(SolutionProperties) = preSolution
		HideSolutionNode = FALSE
	EndGlobalSection
	GlobalSection(ExtensibilityGlobals) = postSolution
		SolutionGuid = {D3451C87-207D-40CE-AF49-56485BEAE752}
	EndGlobalSection
EndGlobal
