
Microsoft Visual Studio Solution File, Format Version 12.00
# Visual Studio Version 17
VisualStudioVersion = 17.8.34408.163
MinimumVisualStudioVersion = 10.0.40219.1
Project("{8BC9CEB8-8B4A-11D0-8D11-00A0C91BC942}") = "Vjezba5z", "Vjezba5z.vcxproj", "{BB9C2A6A-66B5-48BF-805E-19C1D70066A7}"
EndProject
Global
	GlobalSection(SolutionConfigurationPlatforms) = preSolution
		Debug|x64 = Debug|x64
		Debug|x86 = Debug|x86
		Release|x64 = Release|x64
		Release|x86 = Release|x86
	EndGlobalSection
	GlobalSection(ProjectConfigurationPlatforms) = postSolution
		{BB9C2A6A-66B5-48BF-805E-19C1D70066A7}.Debug|x64.ActiveCfg = Debug|x64
		{BB9C2A6A-66B5-48BF-805E-19C1D70066A7}.Debug|x64.Build.0 = Debug|x64
		{BB9C2A6A-66B5-48BF-805E-19C1D70066A7}.Debug|x86.ActiveCfg = Debug|Win32
		{BB9C2A6A-66B5-48BF-805E-19C1D70066A7}.Debug|x86.Build.0 = Debug|Win32
		{BB9C2A6A-66B5-48BF-805E-19C1D70066A7}.Release|x64.ActiveCfg = Release|x64
		{BB9C2A6A-66B5-48BF-805E-19C1D70066A7}.Release|x64.Build.0 = Release|x64
		{BB9C2A6A-66B5-48BF-805E-19C1D70066A7}.Release|x86.ActiveCfg = Release|Win32
		{BB9C2A6A-66B5-48BF-805E-19C1D70066A7}.Release|x86.Build.0 = Release|Win32
	EndGlobalSection
	GlobalSection(SolutionProperties) = preSolution
		HideSolutionNode = FALSE
	EndGlobalSection
	GlobalSection(ExtensibilityGlobals) = postSolution
		SolutionGuid = {D0AADCF9-54F5-4944-BFCC-B7F2AE5B9194}
	EndGlobalSection
EndGlobal
